
Microsoft Visual Studio Solution File, Format Version 12.00
# Visual Studio Version 17
VisualStudioVersion = 17.2.32602.215
MinimumVisualStudioVersion = 10.0.40219.1
Project("{FAE04EC0-301F-11D3-BF4B-00C04F79EFBC}") = "CordSpy", "CordSpy\CordSpy.csproj", "{C19A5BA4-A57C-48BD-A3D2-898933B283D9}"
EndProject
Project("{FAE04EC0-301F-11D3-BF4B-00C04F79EFBC}") = "CordSpy Stub", "CordSpy Stub\CordSpy Stub.csproj", "{FDE9BFBB-B945-4140-ABF5-D1792D20FB07}"
EndProject
Global
	GlobalSection(SolutionConfigurationPlatforms) = preSolution
		Debug|Any CPU = Debug|Any CPU
		Release|Any CPU = Release|Any CPU
	EndGlobalSection
	GlobalSection(ProjectConfigurationPlatforms) = postSolution
		{C19A5BA4-A57C-48BD-A3D2-898933B283D9}.Debug|Any CPU.ActiveCfg = Debug|Any CPU
		{C19A5BA4-A57C-48BD-A3D2-898933B283D9}.Debug|Any CPU.Build.0 = Debug|Any CPU
		{C19A5BA4-A57C-48BD-A3D2-898933B283D9}.Release|Any CPU.ActiveCfg = Release|Any CPU
		{C19A5BA4-A57C-48BD-A3D2-898933B283D9}.Release|Any CPU.Build.0 = Release|Any CPU
		{FDE9BFBB-B945-4140-ABF5-D1792D20FB07}.Debug|Any CPU.ActiveCfg = Debug|Any CPU
		{FDE9BFBB-B945-4140-ABF5-D1792D20FB07}.Debug|Any CPU.Build.0 = Debug|Any CPU
		{FDE9BFBB-B945-4140-ABF5-D1792D20FB07}.Release|Any CPU.ActiveCfg = Release|Any CPU
		{FDE9BFBB-B945-4140-ABF5-D1792D20FB07}.Release|Any CPU.Build.0 = Release|Any CPU
	EndGlobalSection
	GlobalSection(SolutionProperties) = preSolution
		HideSolutionNode = FALSE
	EndGlobalSection
	GlobalSection(ExtensibilityGlobals) = postSolution
		SolutionGuid = {33867375-0BAB-45F2-8EE8-8BDF96CDE1C1}
	EndGlobalSection
EndGlobal
